
Microsoft Visual Studio Solution File, Format Version 12.00
# Visual Studio Version 17
VisualStudioVersion = 17.2.32526.322
MinimumVisualStudioVersion = 10.0.40219.1
Project("{FAE04EC0-301F-11D3-BF4B-00C04F79EFBC}") = "UC1", "UC1\UC1.csproj", "{B592D3DE-EF04-4248-909F-BADADF0E5C7A}"
EndProject
Global
	GlobalSection(SolutionConfigurationPlatforms) = preSolution
		Debug|Any CPU = Debug|Any CPU
		Release|Any CPU = Release|Any CPU
	EndGlobalSection
	GlobalSection(ProjectConfigurationPlatforms) = postSolution
		{B592D3DE-EF04-4248-909F-BADADF0E5C7A}.Debug|Any CPU.ActiveCfg = Debug|Any CPU
		{B592D3DE-EF04-4248-909F-BADADF0E5C7A}.Debug|Any CPU.Build.0 = Debug|Any CPU
		{B592D3DE-EF04-4248-909F-BADADF0E5C7A}.Release|Any CPU.ActiveCfg = Release|Any CPU
		{B592D3DE-EF04-4248-909F-BADADF0E5C7A}.Release|Any CPU.Build.0 = Release|Any CPU
	EndGlobalSection
	GlobalSection(SolutionProperties) = preSolution
		HideSolutionNode = FALSE
	EndGlobalSection
	GlobalSection(ExtensibilityGlobals) = postSolution
		SolutionGuid = {DFE16971-1BDF-45D0-BEFC-E0ECA868D34E}
	EndGlobalSection
EndGlobal
